
Microsoft Visual Studio Solution File, Format Version 12.00
# Visual Studio Version 17
VisualStudioVersion = 17.0.32112.339
MinimumVisualStudioVersion = 10.0.40219.1
Project("{2150E333-8FDC-42A3-9474-1A3956D46DE8}") = "Src", "Src", "{A9CFC235-0171-41AD-BF0D-ADEEE89299BB}"
EndProject
Project("{2150E333-8FDC-42A3-9474-1A3956D46DE8}") = "Client", "Client", "{A0215BF1-5B29-4678-84DA-6915A93617FC}"
EndProject
Project("{2150E333-8FDC-42A3-9474-1A3956D46DE8}") = "WebAPI", "WebAPI", "{CD2E2E65-979F-478A-9F56-80DCFACE86D7}"
EndProject
Project("{2150E333-8FDC-42A3-9474-1A3956D46DE8}") = "Core", "Core", "{2D8058CA-FE0D-4932-A7E5-1BFE4015B3B4}"
EndProject
Project("{2150E333-8FDC-42A3-9474-1A3956D46DE8}") = "Presentation", "Presentation", "{261922D5-6E39-4CDC-93E1-B6122472AF1E}"
EndProject
Project("{2150E333-8FDC-42A3-9474-1A3956D46DE8}") = "Infrastructure", "Infrastructure", "{8FE818DD-5533-4289-AA87-193DFC87674E}"
EndProject
Project("{FAE04EC0-301F-11D3-BF4B-00C04F79EFBC}") = "WebAPI", "WebAPI\WebAPI.csproj", "{A3E01E99-F9F7-4AE7-9A56-6DD7E8DA4754}"
EndProject
Project("{FAE04EC0-301F-11D3-BF4B-00C04F79EFBC}") = "Persistence", "Persistence\Persistence.csproj", "{3076A9C7-DC34-4FA1-969F-3D36195126BF}"
EndProject
Project("{FAE04EC0-301F-11D3-BF4B-00C04F79EFBC}") = "Application", "Application\Application.csproj", "{25AF783F-4220-4B5E-8ACD-49F25E0974EA}"
EndProject
Project("{FAE04EC0-301F-11D3-BF4B-00C04F79EFBC}") = "Domain", "Domain\Domain.csproj", "{4C6469C3-6964-4BB3-B718-3591BF7DD63A}"
EndProject
Global
	GlobalSection(SolutionConfigurationPlatforms) = preSolution
		Debug|Any CPU = Debug|Any CPU
		Release|Any CPU = Release|Any CPU
	EndGlobalSection
	GlobalSection(ProjectConfigurationPlatforms) = postSolution
		{A3E01E99-F9F7-4AE7-9A56-6DD7E8DA4754}.Debug|Any CPU.ActiveCfg = Debug|Any CPU
		{A3E01E99-F9F7-4AE7-9A56-6DD7E8DA4754}.Debug|Any CPU.Build.0 = Debug|Any CPU
		{A3E01E99-F9F7-4AE7-9A56-6DD7E8DA4754}.Release|Any CPU.ActiveCfg = Release|Any CPU
		{A3E01E99-F9F7-4AE7-9A56-6DD7E8DA4754}.Release|Any CPU.Build.0 = Release|Any CPU
		{3076A9C7-DC34-4FA1-969F-3D36195126BF}.Debug|Any CPU.ActiveCfg = Debug|Any CPU
		{3076A9C7-DC34-4FA1-969F-3D36195126BF}.Debug|Any CPU.Build.0 = Debug|Any CPU
		{3076A9C7-DC34-4FA1-969F-3D36195126BF}.Release|Any CPU.ActiveCfg = Release|Any CPU
		{3076A9C7-DC34-4FA1-969F-3D36195126BF}.Release|Any CPU.Build.0 = Release|Any CPU
		{25AF783F-4220-4B5E-8ACD-49F25E0974EA}.Debug|Any CPU.ActiveCfg = Debug|Any CPU
		{25AF783F-4220-4B5E-8ACD-49F25E0974EA}.Debug|Any CPU.Build.0 = Debug|Any CPU
		{25AF783F-4220-4B5E-8ACD-49F25E0974EA}.Release|Any CPU.ActiveCfg = Release|Any CPU
		{25AF783F-4220-4B5E-8ACD-49F25E0974EA}.Release|Any CPU.Build.0 = Release|Any CPU
		{4C6469C3-6964-4BB3-B718-3591BF7DD63A}.Debug|Any CPU.ActiveCfg = Debug|Any CPU
		{4C6469C3-6964-4BB3-B718-3591BF7DD63A}.Debug|Any CPU.Build.0 = Debug|Any CPU
		{4C6469C3-6964-4BB3-B718-3591BF7DD63A}.Release|Any CPU.ActiveCfg = Release|Any CPU
		{4C6469C3-6964-4BB3-B718-3591BF7DD63A}.Release|Any CPU.Build.0 = Release|Any CPU
	EndGlobalSection
	GlobalSection(SolutionProperties) = preSolution
		HideSolutionNode = FALSE
	EndGlobalSection
	GlobalSection(NestedProjects) = preSolution
		{A0215BF1-5B29-4678-84DA-6915A93617FC} = {A9CFC235-0171-41AD-BF0D-ADEEE89299BB}
		{CD2E2E65-979F-478A-9F56-80DCFACE86D7} = {A9CFC235-0171-41AD-BF0D-ADEEE89299BB}
		{2D8058CA-FE0D-4932-A7E5-1BFE4015B3B4} = {CD2E2E65-979F-478A-9F56-80DCFACE86D7}
		{261922D5-6E39-4CDC-93E1-B6122472AF1E} = {CD2E2E65-979F-478A-9F56-80DCFACE86D7}
		{8FE818DD-5533-4289-AA87-193DFC87674E} = {CD2E2E65-979F-478A-9F56-80DCFACE86D7}
		{A3E01E99-F9F7-4AE7-9A56-6DD7E8DA4754} = {261922D5-6E39-4CDC-93E1-B6122472AF1E}
		{3076A9C7-DC34-4FA1-969F-3D36195126BF} = {8FE818DD-5533-4289-AA87-193DFC87674E}
		{25AF783F-4220-4B5E-8ACD-49F25E0974EA} = {2D8058CA-FE0D-4932-A7E5-1BFE4015B3B4}
		{4C6469C3-6964-4BB3-B718-3591BF7DD63A} = {2D8058CA-FE0D-4932-A7E5-1BFE4015B3B4}
	EndGlobalSection
	GlobalSection(ExtensibilityGlobals) = postSolution
		SolutionGuid = {452E6086-CB41-4156-A275-F618CD724710}
	EndGlobalSection
EndGlobal
